
Microsoft Visual Studio Solution File, Format Version 12.00
# Visual Studio Version 16
VisualStudioVersion = 16.0.32002.261
MinimumVisualStudioVersion = 10.0.40219.1
Project("{FAE04EC0-301F-11D3-BF4B-00C04F79EFBC}") = "Program", "Program\Program.csproj", "{D5B83236-89B1-4CDE-A7FA-BC0265EB6797}"
EndProject
Global
	GlobalSection(SolutionConfigurationPlatforms) = preSolution
		Debug|Any CPU = Debug|Any CPU
		Release|Any CPU = Release|Any CPU
	EndGlobalSection
	GlobalSection(ProjectConfigurationPlatforms) = postSolution
		{D5B83236-89B1-4CDE-A7FA-BC0265EB6797}.Debug|Any CPU.ActiveCfg = Debug|Any CPU
		{D5B83236-89B1-4CDE-A7FA-BC0265EB6797}.Debug|Any CPU.Build.0 = Debug|Any CPU
		{D5B83236-89B1-4CDE-A7FA-BC0265EB6797}.Release|Any CPU.ActiveCfg = Release|Any CPU
		{D5B83236-89B1-4CDE-A7FA-BC0265EB6797}.Release|Any CPU.Build.0 = Release|Any CPU
	EndGlobalSection
	GlobalSection(SolutionProperties) = preSolution
		HideSolutionNode = FALSE
	EndGlobalSection
	GlobalSection(ExtensibilityGlobals) = postSolution
		SolutionGuid = {7698CB7D-8CA8-48F1-8F95-D4FE54DFCD6D}
	EndGlobalSection
EndGlobal
